<Project xmlns="http://schemas.microsoft.com/developer/msbuild/2003">
    <PropertyGroup>
        <Base>True</Base>
        <AppType>Package</AppType>
        <Config Condition="'$(Config)'==''">Release</Config>
        <FrameworkType>VCL</FrameworkType>
        <MainSource>SysToolsDR.dpk</MainSource>
        <Platform Condition="'$(Platform)'==''">Win32</Platform>
        <ProjectGuid>{A7C2257E-A11C-4672-A884-DB43F939536C}</ProjectGuid>
        <ProjectVersion>19.0</ProjectVersion>
        <TargetedPlatforms>3</TargetedPlatforms>
    </PropertyGroup>
    <PropertyGroup Condition="'$(Config)'=='Base' or '$(Base)'!=''">
        <Base>true</Base>
    </PropertyGroup>
    <PropertyGroup Condition="('$(Platform)'=='Win32' and '$(Base)'=='true') or '$(Base_Win32)'!=''">
        <Base_Win32>true</Base_Win32>
        <CfgParent>Base</CfgParent>
        <Base>true</Base>
    </PropertyGroup>
    <PropertyGroup Condition="('$(Platform)'=='Win64' and '$(Base)'=='true') or '$(Base_Win64)'!=''">
        <Base_Win64>true</Base_Win64>
        <CfgParent>Base</CfgParent>
        <Base>true</Base>
    </PropertyGroup>
    <PropertyGroup Condition="'$(Config)'=='Release' or '$(Cfg_1)'!=''">
        <Cfg_1>true</Cfg_1>
        <CfgParent>Base</CfgParent>
        <Base>true</Base>
    </PropertyGroup>
    <PropertyGroup Condition="('$(Platform)'=='Win32' and '$(Cfg_1)'=='true') or '$(Cfg_1_Win32)'!=''">
        <Cfg_1_Win32>true</Cfg_1_Win32>
        <CfgParent>Cfg_1</CfgParent>
        <Cfg_1>true</Cfg_1>
        <Base>true</Base>
    </PropertyGroup>
    <PropertyGroup Condition="'$(Config)'=='Debug' or '$(Cfg_2)'!=''">
        <Cfg_2>true</Cfg_2>
        <CfgParent>Base</CfgParent>
        <Base>true</Base>
    </PropertyGroup>
    <PropertyGroup Condition="('$(Platform)'=='Win32' and '$(Cfg_2)'=='true') or '$(Cfg_2_Win32)'!=''">
        <Cfg_2_Win32>true</Cfg_2_Win32>
        <CfgParent>Cfg_2</CfgParent>
        <Cfg_2>true</Cfg_2>
        <Base>true</Base>
    </PropertyGroup>
    <PropertyGroup Condition="'$(Base)'!=''">
        <SanitizedProjectName>SysToolsDR</SanitizedProjectName>
        <DCC_CBuilderOutput>All</DCC_CBuilderOutput>
        <DCC_DcuOutput>.\$(Platform)\$(Config)</DCC_DcuOutput>
        <DCC_Description>TurboPack SysTools Delphi Runtime package</DCC_Description>
        <DCC_ImageBase>00400000</DCC_ImageBase>
        <DCC_Namespace>Vcl;Vcl.Imaging;Vcl.Touch;Vcl.Samples;Vcl.Shell;System;Xml;Data;Datasnap;Web;Soap;Winapi;$(DCC_Namespace)</DCC_Namespace>
        <DCC_OutputNeverBuildDcps>true</DCC_OutputNeverBuildDcps>
        <DCC_SymbolReferenceInfo>0</DCC_SymbolReferenceInfo>
        <DllSuffix>270</DllSuffix>
        <GenDll>true</GenDll>
        <GenPackage>true</GenPackage>
        <RuntimeOnlyPackage>true</RuntimeOnlyPackage>
        <VerInfo_Keys>CompanyName=;FileDescription=;FileVersion=1.0.0.0;InternalName=;LegalCopyright=;LegalTrademarks=;OriginalFilename=;ProductName=;ProductVersion=1.0.0.0;Comments=</VerInfo_Keys>
        <VerInfo_Locale>1031</VerInfo_Locale>
    </PropertyGroup>
    <PropertyGroup Condition="'$(Base_Win32)'!=''">
        <DCC_Namespace>System.Win;Data.Win;Datasnap.Win;Web.Win;Soap.Win;Xml.Win;Bde;$(DCC_Namespace)</DCC_Namespace>
        <VerInfo_IncludeVerInfo>true</VerInfo_IncludeVerInfo>
        <VerInfo_Locale>1033</VerInfo_Locale>
    </PropertyGroup>
    <PropertyGroup Condition="'$(Base_Win64)'!=''">
        <DCC_Namespace>System.Win;Data.Win;Datasnap.Win;Web.Win;Soap.Win;Xml.Win;$(DCC_Namespace)</DCC_Namespace>
        <VerInfo_IncludeVerInfo>true</VerInfo_IncludeVerInfo>
        <VerInfo_Locale>1033</VerInfo_Locale>
    </PropertyGroup>
    <PropertyGroup Condition="'$(Cfg_1)'!=''">
        <DCC_DebugInformation>0</DCC_DebugInformation>
        <DCC_Define>RELEASE;$(DCC_Define)</DCC_Define>
        <DCC_LocalDebugSymbols>false</DCC_LocalDebugSymbols>
        <DCC_SymbolReferenceInfo>0</DCC_SymbolReferenceInfo>
    </PropertyGroup>
    <PropertyGroup Condition="'$(Cfg_1_Win32)'!=''">
        <VerInfo_IncludeVerInfo>true</VerInfo_IncludeVerInfo>
        <VerInfo_Locale>1033</VerInfo_Locale>
    </PropertyGroup>
    <PropertyGroup Condition="'$(Cfg_2)'!=''">
        <DCC_Define>DEBUG;$(DCC_Define)</DCC_Define>
        <DCC_GenerateStackFrames>true</DCC_GenerateStackFrames>
        <DCC_Optimize>false</DCC_Optimize>
    </PropertyGroup>
    <PropertyGroup Condition="'$(Cfg_2_Win32)'!=''">
        <VerInfo_IncludeVerInfo>true</VerInfo_IncludeVerInfo>
        <VerInfo_Locale>1033</VerInfo_Locale>
    </PropertyGroup>
    <ItemGroup>
        <DelphiCompile Include="$(MainSource)">
            <MainSource>MainSource</MainSource>
        </DelphiCompile>
        <DCCReference Include="vcl.dcp"/>
        <DCCReference Include="vclx.dcp"/>
        <DCCReference Include="..\..\..\source\StAstro.pas"/>
        <DCCReference Include="..\..\..\source\StAstroP.pas"/>
        <DCCReference Include="..\..\..\source\StBCD.pas"/>
        <DCCReference Include="..\..\..\source\StBarC.pas"/>
        <DCCReference Include="..\..\..\source\StBase.pas"/>
        <DCCReference Include="..\..\..\source\StBits.pas"/>
        <DCCReference Include="..\..\..\source\StColl.pas"/>
        <DCCReference Include="..\..\..\source\StConst.pas"/>
        <DCCReference Include="..\..\..\source\StCRC.pas"/>
        <DCCReference Include="..\..\..\source\StDateSt.pas"/>
        <DCCReference Include="..\..\..\source\StDict.pas"/>
        <DCCReference Include="..\..\..\source\StDQue.pas"/>
        <DCCReference Include="..\..\..\source\StEclpse.pas"/>
        <DCCReference Include="..\..\..\source\StExpr.pas"/>
        <DCCReference Include="..\..\..\source\StFIN.pas"/>
        <DCCReference Include="..\..\..\source\StHASH.pas"/>
        <DCCReference Include="..\..\..\source\StJup.pas"/>
        <DCCReference Include="..\..\..\source\StJupsat.pas"/>
        <DCCReference Include="..\..\..\source\StLArr.pas"/>
        <DCCReference Include="..\..\..\source\StList.pas"/>
        <DCCReference Include="..\..\..\source\StMars.pas"/>
        <DCCReference Include="..\..\..\source\StMath.pas"/>
        <DCCReference Include="..\..\..\source\StMerc.pas"/>
        <DCCReference Include="..\..\..\source\StMime.pas"/>
        <DCCReference Include="..\..\..\source\StNVBits.pas"/>
        <DCCReference Include="..\..\..\source\StNVColl.pas"/>
        <DCCReference Include="..\..\..\source\StNVCont.pas"/>
        <DCCReference Include="..\..\..\source\StNVDQ.pas"/>
        <DCCReference Include="..\..\..\source\StNVDict.pas"/>
        <DCCReference Include="..\..\..\source\StNVLAry.pas"/>
        <DCCReference Include="..\..\..\source\StNVLMat.pas"/>
        <DCCReference Include="..\..\..\source\StNVList.pas"/>
        <DCCReference Include="..\..\..\source\StNVSCol.pas"/>
        <DCCReference Include="..\..\..\source\StNVTree.pas"/>
        <DCCReference Include="..\..\..\source\StNeptun.pas"/>
        <DCCReference Include="..\..\..\source\StOStr.pas"/>
        <DCCReference Include="..\..\..\source\StPluto.pas"/>
        <DCCReference Include="..\..\..\source\StPQueue.pas"/>
        <DCCReference Include="..\..\..\source\StRegIni.pas"/>
        <DCCReference Include="..\..\..\source\StSaturn.pas"/>
        <DCCReference Include="..\..\..\source\StSort.pas"/>
        <DCCReference Include="..\..\..\source\StStat.pas"/>
        <DCCReference Include="..\..\..\source\StStrL.pas"/>
        <DCCReference Include="..\..\..\source\StText.pas"/>
        <DCCReference Include="..\..\..\source\StTree.pas"/>
        <DCCReference Include="..\..\..\source\StUranus.pas"/>
        <DCCReference Include="..\..\..\source\StUtils.pas"/>
        <DCCReference Include="..\..\..\source\StVArr.pas"/>
        <DCCReference Include="..\..\..\source\StVInfo.pas"/>
        <DCCReference Include="..\..\..\source\StVenus.pas"/>
        <DCCReference Include="..\..\..\source\StDate.pas"/>
        <DCCReference Include="..\..\..\source\StBarPN.pas"/>
        <DCCReference Include="..\..\..\source\StwmDCpy.pas"/>
        <DCCReference Include="..\..\..\source\StToHTML.pas"/>
        <DCCReference Include="..\..\..\source\StSpawn.pas"/>
        <DCCReference Include="..\..\..\source\StStrms.pas"/>
        <DCCReference Include="..\..\..\source\StNet.pas"/>
        <DCCReference Include="..\..\..\source\StNetApi.pas"/>
        <DCCReference Include="..\..\..\source\StNetCon.pas"/>
        <DCCReference Include="..\..\..\source\StNetPfm.pas"/>
        <DCCReference Include="..\..\..\source\StNetMsg.pas"/>
        <DCCReference Include="..\..\..\source\StRegEx.pas"/>
        <DCCReference Include="..\..\..\source\StFirst.pas"/>
        <DCCReference Include="..\..\..\source\StMerge.pas"/>
        <DCCReference Include="..\..\..\source\StDecMth.pas"/>
        <DCCReference Include="..\..\..\source\StMoney.pas"/>
        <DCCReference Include="..\..\..\source\StNTLog.pas"/>
        <DCCReference Include="..\..\..\source\StGenLog.pas"/>
        <DCCReference Include="..\..\..\source\StRandom.pas"/>
        <DCCReference Include="..\..\..\source\StIniStm.pas"/>
        <DCCReference Include="..\..\..\source\St2DBarC.pas"/>
        <DCCReference Include="..\..\..\source\StTxtDat.pas"/>
        <DCCReference Include="..\..\..\source\StSystem.pas"/>
        <DCCReference Include="..\..\..\source\StPtrns.pas"/>
        <DCCReference Include="..\..\..\source\StExpLog.pas"/>
        <BuildConfiguration Include="Base">
            <Key>Base</Key>
        </BuildConfiguration>
        <BuildConfiguration Include="Release">
            <Key>Cfg_1</Key>
            <CfgParent>Base</CfgParent>
        </BuildConfiguration>
        <BuildConfiguration Include="Debug">
            <Key>Cfg_2</Key>
            <CfgParent>Base</CfgParent>
        </BuildConfiguration>
    </ItemGroup>
    <ProjectExtensions>
        <Borland.Personality>Delphi.Personality.12</Borland.Personality>
        <Borland.ProjectType>Package</Borland.ProjectType>
        <BorlandProject>
            <Delphi.Personality>
                <Source>
                    <Source Name="MainSource">SysToolsDR.dpk</Source>
                </Source>
                <Excluded_Packages/>
                <VersionInfo>
                    <VersionInfo Name="IncludeVerInfo">False</VersionInfo>
                    <VersionInfo Name="AutoIncBuild">False</VersionInfo>
                    <VersionInfo Name="MajorVer">1</VersionInfo>
                    <VersionInfo Name="MinorVer">0</VersionInfo>
                    <VersionInfo Name="Release">0</VersionInfo>
                    <VersionInfo Name="Build">0</VersionInfo>
                    <VersionInfo Name="Debug">False</VersionInfo>
                    <VersionInfo Name="PreRelease">False</VersionInfo>
                    <VersionInfo Name="Special">False</VersionInfo>
                    <VersionInfo Name="Private">False</VersionInfo>
                    <VersionInfo Name="DLL">False</VersionInfo>
                    <VersionInfo Name="Locale">1031</VersionInfo>
                    <VersionInfo Name="CodePage">1252</VersionInfo>
                </VersionInfo>
                <VersionInfoKeys>
                    <VersionInfoKeys Name="CompanyName"/>
                    <VersionInfoKeys Name="FileDescription"/>
                    <VersionInfoKeys Name="FileVersion">1.0.0.0</VersionInfoKeys>
                    <VersionInfoKeys Name="InternalName"/>
                    <VersionInfoKeys Name="LegalCopyright"/>
                    <VersionInfoKeys Name="LegalTrademarks"/>
                    <VersionInfoKeys Name="OriginalFilename"/>
                    <VersionInfoKeys Name="ProductName"/>
                    <VersionInfoKeys Name="ProductVersion">1.0.0.0</VersionInfoKeys>
                    <VersionInfoKeys Name="Comments"/>
                </VersionInfoKeys>
            </Delphi.Personality>
            <Deployment Version="3">
                <DeployFile LocalName="C:\Users\Public\Documents\Embarcadero\Studio\15.0\Bpl\SysToolsDR.bpl" Configuration="Debug" Class="ProjectOutput">
                    <Platform Name="Win32">
                        <RemoteName>SysToolsDR.bpl</RemoteName>
                        <Overwrite>true</Overwrite>
                    </Platform>
                </DeployFile>
                <DeployClass Name="AdditionalDebugSymbols">
                    <Platform Name="Win32">
                        <Operation>0</Operation>
                    </Platform>
                </DeployClass>
                <DeployClass Name="DebugSymbols">
                    <Platform Name="Win32">
                        <Operation>0</Operation>
                    </Platform>
                </DeployClass>
                <DeployClass Name="DependencyFramework">
                    <Platform Name="Win32">
                        <Operation>0</Operation>
                    </Platform>
                </DeployClass>
                <DeployClass Name="DependencyModule">
                    <Platform Name="Win32">
                        <Operation>0</Operation>
                        <Extensions>.dll;.bpl</Extensions>
                    </Platform>
                </DeployClass>
                <DeployClass Required="true" Name="DependencyPackage">
                    <Platform Name="Win32">
                        <Operation>0</Operation>
                        <Extensions>.bpl</Extensions>
                    </Platform>
                </DeployClass>
                <DeployClass Name="File">
                    <Platform Name="Win32">
                        <Operation>0</Operation>
                    </Platform>
                </DeployClass>
                <DeployClass Required="true" Name="ProjectOutput">
                    <Platform Name="Win32">
                        <Operation>0</Operation>
                    </Platform>
                </DeployClass>
                <DeployClass Name="ProjectUWPManifest">
                    <Platform Name="Win32">
                        <Operation>1</Operation>
                    </Platform>
                    <Platform Name="Win64">
                        <Operation>1</Operation>
                    </Platform>
                </DeployClass>
                <DeployClass Name="UWP_DelphiLogo150">
                    <Platform Name="Win32">
                        <RemoteDir>Assets</RemoteDir>
                        <Operation>1</Operation>
                    </Platform>
                    <Platform Name="Win64">
                        <RemoteDir>Assets</RemoteDir>
                        <Operation>1</Operation>
                    </Platform>
                </DeployClass>
                <DeployClass Name="UWP_DelphiLogo44">
                    <Platform Name="Win32">
                        <RemoteDir>Assets</RemoteDir>
                        <Operation>1</Operation>
                    </Platform>
                    <Platform Name="Win64">
                        <RemoteDir>Assets</RemoteDir>
                        <Operation>1</Operation>
                    </Platform>
                </DeployClass>
                <ProjectRoot Platform="Win32" Name="$(PROJECTNAME)"/>
                <ProjectRoot Platform="Win64" Name="$(PROJECTNAME)"/>
            </Deployment>
            <Platforms>
                <Platform value="Android">False</Platform>
                <Platform value="Android64">False</Platform>
                <Platform value="Linux64">False</Platform>
                <Platform value="OSX64">False</Platform>
                <Platform value="Win32">True</Platform>
                <Platform value="Win64">True</Platform>
                <Platform value="iOSDevice64">False</Platform>
                <Platform value="iOSSimulator">False</Platform>
            </Platforms>
            <UnitTesting>
                <TestProjectName>C:\Projects\EMBT\SysTools\Tests\SysToolsTests.dproj</TestProjectName>
            </UnitTesting>
        </BorlandProject>
        <ProjectFileVersion>12</ProjectFileVersion>
    </ProjectExtensions>
    <Import Condition="Exists('$(BDS)\Bin\CodeGear.Delphi.Targets')" Project="$(BDS)\Bin\CodeGear.Delphi.Targets"/>
    <Import Condition="Exists('$(APPDATA)\Embarcadero\$(BDSAPPDATABASEDIR)\$(PRODUCTVERSION)\UserTools.proj')" Project="$(APPDATA)\Embarcadero\$(BDSAPPDATABASEDIR)\$(PRODUCTVERSION)\UserTools.proj"/>
    <Import Project="$(MSBuildProjectName).deployproj" Condition="Exists('$(MSBuildProjectName).deployproj')"/>
</Project>
